<?xml version="1.0" encoding="utf-8"?>
<Project ToolsVersion="4.0" xmlns="http://schemas.microsoft.com/developer/msbuild/2003">
  <ItemGroup>
    <ClInclude Include="..\..\src\LogicLib\ConnectedUserManager.h" />
    <ClInclude Include="..\..\src\LogicLib\ConsoleLogger.h" />
    <ClInclude Include="..\..\src\LogicLib\Game.h" />
    <ClInclude Include="..\..\src\LogicLib\ini.h" />
    <ClInclude Include="..\..\src\LogicLib\IniReader.h" />
    <ClInclude Include="..\..\src\LogicLib\Lobby.h" />
    <ClInclude Include="..\..\src\LogicLib\LobbyManager.h" />
    <ClInclude Include="..\..\src\LogicLib\Main.h" />
    <ClInclude Include="..\..\src\LogicLib\PacketProcess.h" />
    <ClInclude Include="..\..\src\LogicLib\Room.h" />
    <ClInclude Include="..\..\src\LogicLib\User.h" />
    <ClInclude Include="..\..\src\LogicLib\UserManager.h" />
    <ClInclude Include="..\..\src\LogicLib\utils.h" />
  </ItemGroup>
  <ItemGroup>
    <ClCompile Include="..\..\src\LogicLib\Game.cpp" />
    <ClCompile Include="..\..\src\LogicLib\ini.c" />
    <ClCompile Include="..\..\src\LogicLib\IniReader.cpp" />
    <ClCompile Include="..\..\src\LogicLib\Lobby.cpp" />
    <ClCompile Include="..\..\src\LogicLib\LobbyManager.cpp" />
    <ClCompile Include="..\..\src\LogicLib\Main.cpp" />
    <ClCompile Include="..\..\src\LogicLib\PacketProcess.cpp" />
    <ClCompile Include="..\..\src\LogicLib\PacketProcessLobby.cpp" />
    <ClCompile Include="..\..\src\LogicLib\PacketProcessLogin.cpp" />
    <ClCompile Include="..\..\src\LogicLib\PacketProcessRoom.cpp" />
    <ClCompile Include="..\..\src\LogicLib\Room.cpp" />
    <ClCompile Include="..\..\src\LogicLib\UserManager.cpp" />
  </ItemGroup>
</Project>