
Microsoft Visual Studio Solution File, Format Version 12.00
# Visual Studio 15
VisualStudioVersion = 15.0.28307.539
MinimumVisualStudioVersion = 10.0.40219.1
Project("{8BC9CEB8-8B4A-11D0-8D11-00A0C91BC942}") = "CrossServer", "CrossServer\CrossServer.vcxproj", "{D240B9C1-D315-4F01-99FE-BD53A8CE9669}"
	ProjectSection(ProjectDependencies) = postProject
		{9CE82DF9-5456-4955-855F-EC035D8CE1E4} = {9CE82DF9-5456-4955-855F-EC035D8CE1E4}
	EndProjectSection
EndProject
Project("{8BC9CEB8-8B4A-11D0-8D11-00A0C91BC942}") = "ServerNetLib", "ServerNetLib\ServerNetLib.vcxproj", "{A6ADE603-7FCB-4A78-A00C-2E835418F6B2}"
EndProject
Project("{8BC9CEB8-8B4A-11D0-8D11-00A0C91BC942}") = "LogicLib", "LogicLib\LogicLib.vcxproj", "{9CE82DF9-5456-4955-855F-EC035D8CE1E4}"
	ProjectSection(ProjectDependencies) = postProject
		{A6ADE603-7FCB-4A78-A00C-2E835418F6B2} = {A6ADE603-7FCB-4A78-A00C-2E835418F6B2}
		{7A6115DD-98FB-4110-923D-78CC0B620966} = {7A6115DD-98FB-4110-923D-78CC0B620966}
	EndProjectSection
EndProject
Project("{8BC9CEB8-8B4A-11D0-8D11-00A0C91BC942}") = "Common", "Common\Common.vcxproj", "{7A6115DD-98FB-4110-923D-78CC0B620966}"
	ProjectSection(ProjectDependencies) = postProject
		{A6ADE603-7FCB-4A78-A00C-2E835418F6B2} = {A6ADE603-7FCB-4A78-A00C-2E835418F6B2}
	EndProjectSection
EndProject
Global
	GlobalSection(SolutionConfigurationPlatforms) = preSolution
		Debug|ARM = Debug|ARM
		Debug|ARM64 = Debug|ARM64
		Debug|x64 = Debug|x64
		Debug|x86 = Debug|x86
		Release|ARM = Release|ARM
		Release|ARM64 = Release|ARM64
		Release|x64 = Release|x64
		Release|x86 = Release|x86
	EndGlobalSection
	GlobalSection(ProjectConfigurationPlatforms) = postSolution
		{D240B9C1-D315-4F01-99FE-BD53A8CE9669}.Debug|ARM.ActiveCfg = Debug|ARM
		{D240B9C1-D315-4F01-99FE-BD53A8CE9669}.Debug|ARM.Build.0 = Debug|ARM
		{D240B9C1-D315-4F01-99FE-BD53A8CE9669}.Debug|ARM64.ActiveCfg = Debug|ARM64
		{D240B9C1-D315-4F01-99FE-BD53A8CE9669}.Debug|ARM64.Build.0 = Debug|ARM64
		{D240B9C1-D315-4F01-99FE-BD53A8CE9669}.Debug|x64.ActiveCfg = Debug|x64
		{D240B9C1-D315-4F01-99FE-BD53A8CE9669}.Debug|x64.Build.0 = Debug|x64
		{D240B9C1-D315-4F01-99FE-BD53A8CE9669}.Debug|x86.ActiveCfg = Debug|x86
		{D240B9C1-D315-4F01-99FE-BD53A8CE9669}.Debug|x86.Build.0 = Debug|x86
		{D240B9C1-D315-4F01-99FE-BD53A8CE9669}.Release|ARM.ActiveCfg = Release|ARM
		{D240B9C1-D315-4F01-99FE-BD53A8CE9669}.Release|ARM.Build.0 = Release|ARM
		{D240B9C1-D315-4F01-99FE-BD53A8CE9669}.Release|ARM64.ActiveCfg = Release|ARM64
		{D240B9C1-D315-4F01-99FE-BD53A8CE9669}.Release|ARM64.Build.0 = Release|ARM64
		{D240B9C1-D315-4F01-99FE-BD53A8CE9669}.Release|x64.ActiveCfg = Release|x64
		{D240B9C1-D315-4F01-99FE-BD53A8CE9669}.Release|x64.Build.0 = Release|x64
		{D240B9C1-D315-4F01-99FE-BD53A8CE9669}.Release|x86.ActiveCfg = Release|x86
		{D240B9C1-D315-4F01-99FE-BD53A8CE9669}.Release|x86.Build.0 = Release|x86
		{A6ADE603-7FCB-4A78-A00C-2E835418F6B2}.Debug|ARM.ActiveCfg = Debug|ARM
		{A6ADE603-7FCB-4A78-A00C-2E835418F6B2}.Debug|ARM.Build.0 = Debug|ARM
		{A6ADE603-7FCB-4A78-A00C-2E835418F6B2}.Debug|ARM64.ActiveCfg = Debug|ARM64
		{A6ADE603-7FCB-4A78-A00C-2E835418F6B2}.Debug|ARM64.Build.0 = Debug|ARM64
		{A6ADE603-7FCB-4A78-A00C-2E835418F6B2}.Debug|x64.ActiveCfg = Debug|x64
		{A6ADE603-7FCB-4A78-A00C-2E835418F6B2}.Debug|x64.Build.0 = Debug|x64
		{A6ADE603-7FCB-4A78-A00C-2E835418F6B2}.Debug|x86.ActiveCfg = Debug|x86
		{A6ADE603-7FCB-4A78-A00C-2E835418F6B2}.Debug|x86.Build.0 = Debug|x86
		{A6ADE603-7FCB-4A78-A00C-2E835418F6B2}.Release|ARM.ActiveCfg = Release|ARM
		{A6ADE603-7FCB-4A78-A00C-2E835418F6B2}.Release|ARM.Build.0 = Release|ARM
		{A6ADE603-7FCB-4A78-A00C-2E835418F6B2}.Release|ARM64.ActiveCfg = Release|ARM64
		{A6ADE603-7FCB-4A78-A00C-2E835418F6B2}.Release|ARM64.Build.0 = Release|ARM64
		{A6ADE603-7FCB-4A78-A00C-2E835418F6B2}.Release|x64.ActiveCfg = Release|x64
		{A6ADE603-7FCB-4A78-A00C-2E835418F6B2}.Release|x64.Build.0 = Release|x64
		{A6ADE603-7FCB-4A78-A00C-2E835418F6B2}.Release|x86.ActiveCfg = Release|x86
		{A6ADE603-7FCB-4A78-A00C-2E835418F6B2}.Release|x86.Build.0 = Release|x86
		{9CE82DF9-5456-4955-855F-EC035D8CE1E4}.Debug|ARM.ActiveCfg = Debug|ARM
		{9CE82DF9-5456-4955-855F-EC035D8CE1E4}.Debug|ARM.Build.0 = Debug|ARM
		{9CE82DF9-5456-4955-855F-EC035D8CE1E4}.Debug|ARM64.ActiveCfg = Debug|ARM64
		{9CE82DF9-5456-4955-855F-EC035D8CE1E4}.Debug|ARM64.Build.0 = Debug|ARM64
		{9CE82DF9-5456-4955-855F-EC035D8CE1E4}.Debug|x64.ActiveCfg = Debug|x64
		{9CE82DF9-5456-4955-855F-EC035D8CE1E4}.Debug|x64.Build.0 = Debug|x64
		{9CE82DF9-5456-4955-855F-EC035D8CE1E4}.Debug|x86.ActiveCfg = Debug|x86
		{9CE82DF9-5456-4955-855F-EC035D8CE1E4}.Debug|x86.Build.0 = Debug|x86
		{9CE82DF9-5456-4955-855F-EC035D8CE1E4}.Release|ARM.ActiveCfg = Release|ARM
		{9CE82DF9-5456-4955-855F-EC035D8CE1E4}.Release|ARM.Build.0 = Release|ARM
		{9CE82DF9-5456-4955-855F-EC035D8CE1E4}.Release|ARM64.ActiveCfg = Release|ARM64
		{9CE82DF9-5456-4955-855F-EC035D8CE1E4}.Release|ARM64.Build.0 = Release|ARM64
		{9CE82DF9-5456-4955-855F-EC035D8CE1E4}.Release|x64.ActiveCfg = Release|x64
		{9CE82DF9-5456-4955-855F-EC035D8CE1E4}.Release|x64.Build.0 = Release|x64
		{9CE82DF9-5456-4955-855F-EC035D8CE1E4}.Release|x86.ActiveCfg = Release|x86
		{9CE82DF9-5456-4955-855F-EC035D8CE1E4}.Release|x86.Build.0 = Release|x86
		{7A6115DD-98FB-4110-923D-78CC0B620966}.Debug|ARM.ActiveCfg = Debug|ARM
		{7A6115DD-98FB-4110-923D-78CC0B620966}.Debug|ARM.Build.0 = Debug|ARM
		{7A6115DD-98FB-4110-923D-78CC0B620966}.Debug|ARM64.ActiveCfg = Debug|ARM64
		{7A6115DD-98FB-4110-923D-78CC0B620966}.Debug|ARM64.Build.0 = Debug|ARM64
		{7A6115DD-98FB-4110-923D-78CC0B620966}.Debug|x64.ActiveCfg = Debug|x64
		{7A6115DD-98FB-4110-923D-78CC0B620966}.Debug|x64.Build.0 = Debug|x64
		{7A6115DD-98FB-4110-923D-78CC0B620966}.Debug|x86.ActiveCfg = Debug|x86
		{7A6115DD-98FB-4110-923D-78CC0B620966}.Debug|x86.Build.0 = Debug|x86
		{7A6115DD-98FB-4110-923D-78CC0B620966}.Release|ARM.ActiveCfg = Release|ARM
		{7A6115DD-98FB-4110-923D-78CC0B620966}.Release|ARM.Build.0 = Release|ARM
		{7A6115DD-98FB-4110-923D-78CC0B620966}.Release|ARM64.ActiveCfg = Release|ARM64
		{7A6115DD-98FB-4110-923D-78CC0B620966}.Release|ARM64.Build.0 = Release|ARM64
		{7A6115DD-98FB-4110-923D-78CC0B620966}.Release|x64.ActiveCfg = Release|x64
		{7A6115DD-98FB-4110-923D-78CC0B620966}.Release|x64.Build.0 = Release|x64
		{7A6115DD-98FB-4110-923D-78CC0B620966}.Release|x86.ActiveCfg = Release|x86
		{7A6115DD-98FB-4110-923D-78CC0B620966}.Release|x86.Build.0 = Release|x86
	EndGlobalSection
	GlobalSection(SolutionProperties) = preSolution
		HideSolutionNode = FALSE
	EndGlobalSection
	GlobalSection(ExtensibilityGlobals) = postSolution
		SolutionGuid = {C13DBE89-CA62-4F7F-8E09-066E448BF55D}
	EndGlobalSection
EndGlobal
